
Microsoft Visual Studio Solution File, Format Version 12.00
# Visual Studio 15
VisualStudioVersion = 15.0.28307.421
MinimumVisualStudioVersion = 10.0.40219.1
Project("{8BC9CEB8-8B4A-11D0-8D11-00A0C91BC942}") = "test_richback", "test_richback\test_richback.vcxproj", "{B8ED0B3B-1224-4E45-AE09-DA2F2B4AFD4D}"
EndProject
Global
	GlobalSection(SolutionConfigurationPlatforms) = preSolution
		Debug|x64 = Debug|x64
		Debug|x86 = Debug|x86
		Release|x64 = Release|x64
		Release|x86 = Release|x86
	EndGlobalSection
	GlobalSection(ProjectConfigurationPlatforms) = postSolution
		{B8ED0B3B-1224-4E45-AE09-DA2F2B4AFD4D}.Debug|x64.ActiveCfg = Debug|x64
		{B8ED0B3B-1224-4E45-AE09-DA2F2B4AFD4D}.Debug|x64.Build.0 = Debug|x64
		{B8ED0B3B-1224-4E45-AE09-DA2F2B4AFD4D}.Debug|x86.ActiveCfg = Debug|Win32
		{B8ED0B3B-1224-4E45-AE09-DA2F2B4AFD4D}.Debug|x86.Build.0 = Debug|Win32
		{B8ED0B3B-1224-4E45-AE09-DA2F2B4AFD4D}.Release|x64.ActiveCfg = Release|x64
		{B8ED0B3B-1224-4E45-AE09-DA2F2B4AFD4D}.Release|x64.Build.0 = Release|x64
		{B8ED0B3B-1224-4E45-AE09-DA2F2B4AFD4D}.Release|x86.ActiveCfg = Release|Win32
		{B8ED0B3B-1224-4E45-AE09-DA2F2B4AFD4D}.Release|x86.Build.0 = Release|Win32
	EndGlobalSection
	GlobalSection(SolutionProperties) = preSolution
		HideSolutionNode = FALSE
	EndGlobalSection
	GlobalSection(ExtensibilityGlobals) = postSolution
		SolutionGuid = {33AD7CCB-50A5-45F4-9FF0-DBB7C6BAB91E}
	EndGlobalSection
EndGlobal
